
Microsoft Visual Studio Solution File, Format Version 12.00
# Visual Studio Version 16
VisualStudioVersion = 16.0.29519.87
MinimumVisualStudioVersion = 10.0.40219.1
Project("{9A19103F-16F7-4668-BE54-9A1E7A4F7556}") = "Course", "Course\Course.csproj", "{40B21675-FAE1-43E5-8366-E0DC8F2F03BE}"
EndProject
Project("{9A19103F-16F7-4668-BE54-9A1E7A4F7556}") = "Course2", "Course2\Course2.csproj", "{1FE5D5BE-F9EF-4F26-914B-8EF26F4C1435}"
EndProject
Project("{FAE04EC0-301F-11D3-BF4B-00C04F79EFBC}") = "Course3", "Course3\Course3.csproj", "{E20DE2E3-0DEC-4AD3-844F-1A7ABC81A4A6}"
EndProject
Project("{FAE04EC0-301F-11D3-BF4B-00C04F79EFBC}") = "Course4", "Course4\Course4.csproj", "{2B96A15F-B41D-4EA0-B14F-26C0DFFD2D70}"
EndProject
Project("{FAE04EC0-301F-11D3-BF4B-00C04F79EFBC}") = "ExercicioEnumComp", "ExercicioEnumComp\ExercicioEnumComp.csproj", "{3AD26BF2-20DA-4652-BADA-E390532D623B}"
EndProject
Project("{FAE04EC0-301F-11D3-BF4B-00C04F79EFBC}") = "Heranca", "Heranca\Heranca.csproj", "{5FE50E62-D58C-4D4A-A702-F1041DA97CFF}"
EndProject
Project("{FAE04EC0-301F-11D3-BF4B-00C04F79EFBC}") = "Inheritance", "Inheritance\Inheritance.csproj", "{84B0D34D-503E-4F34-B7EA-020F4CBED600}"
EndProject
Project("{FAE04EC0-301F-11D3-BF4B-00C04F79EFBC}") = "Abstract1", "Abstract1\Abstract1.csproj", "{141ACFB2-FD86-406E-9714-E4A7D95D5BB4}"
EndProject
Project("{FAE04EC0-301F-11D3-BF4B-00C04F79EFBC}") = "Abstract", "Abstract\Abstract.csproj", "{AA14D742-B52B-4481-82C6-D8959A076150}"
EndProject
Global
	GlobalSection(SolutionConfigurationPlatforms) = preSolution
		Debug|Any CPU = Debug|Any CPU
		Release|Any CPU = Release|Any CPU
	EndGlobalSection
	GlobalSection(ProjectConfigurationPlatforms) = postSolution
		{40B21675-FAE1-43E5-8366-E0DC8F2F03BE}.Debug|Any CPU.ActiveCfg = Debug|Any CPU
		{40B21675-FAE1-43E5-8366-E0DC8F2F03BE}.Debug|Any CPU.Build.0 = Debug|Any CPU
		{40B21675-FAE1-43E5-8366-E0DC8F2F03BE}.Release|Any CPU.ActiveCfg = Release|Any CPU
		{40B21675-FAE1-43E5-8366-E0DC8F2F03BE}.Release|Any CPU.Build.0 = Release|Any CPU
		{1FE5D5BE-F9EF-4F26-914B-8EF26F4C1435}.Debug|Any CPU.ActiveCfg = Debug|Any CPU
		{1FE5D5BE-F9EF-4F26-914B-8EF26F4C1435}.Debug|Any CPU.Build.0 = Debug|Any CPU
		{1FE5D5BE-F9EF-4F26-914B-8EF26F4C1435}.Release|Any CPU.ActiveCfg = Release|Any CPU
		{1FE5D5BE-F9EF-4F26-914B-8EF26F4C1435}.Release|Any CPU.Build.0 = Release|Any CPU
		{E20DE2E3-0DEC-4AD3-844F-1A7ABC81A4A6}.Debug|Any CPU.ActiveCfg = Debug|Any CPU
		{E20DE2E3-0DEC-4AD3-844F-1A7ABC81A4A6}.Debug|Any CPU.Build.0 = Debug|Any CPU
		{E20DE2E3-0DEC-4AD3-844F-1A7ABC81A4A6}.Release|Any CPU.ActiveCfg = Release|Any CPU
		{E20DE2E3-0DEC-4AD3-844F-1A7ABC81A4A6}.Release|Any CPU.Build.0 = Release|Any CPU
		{2B96A15F-B41D-4EA0-B14F-26C0DFFD2D70}.Debug|Any CPU.ActiveCfg = Debug|Any CPU
		{2B96A15F-B41D-4EA0-B14F-26C0DFFD2D70}.Debug|Any CPU.Build.0 = Debug|Any CPU
		{2B96A15F-B41D-4EA0-B14F-26C0DFFD2D70}.Release|Any CPU.ActiveCfg = Release|Any CPU
		{2B96A15F-B41D-4EA0-B14F-26C0DFFD2D70}.Release|Any CPU.Build.0 = Release|Any CPU
		{3AD26BF2-20DA-4652-BADA-E390532D623B}.Debug|Any CPU.ActiveCfg = Debug|Any CPU
		{3AD26BF2-20DA-4652-BADA-E390532D623B}.Debug|Any CPU.Build.0 = Debug|Any CPU
		{3AD26BF2-20DA-4652-BADA-E390532D623B}.Release|Any CPU.ActiveCfg = Release|Any CPU
		{3AD26BF2-20DA-4652-BADA-E390532D623B}.Release|Any CPU.Build.0 = Release|Any CPU
		{5FE50E62-D58C-4D4A-A702-F1041DA97CFF}.Debug|Any CPU.ActiveCfg = Debug|Any CPU
		{5FE50E62-D58C-4D4A-A702-F1041DA97CFF}.Debug|Any CPU.Build.0 = Debug|Any CPU
		{5FE50E62-D58C-4D4A-A702-F1041DA97CFF}.Release|Any CPU.ActiveCfg = Release|Any CPU
		{5FE50E62-D58C-4D4A-A702-F1041DA97CFF}.Release|Any CPU.Build.0 = Release|Any CPU
		{84B0D34D-503E-4F34-B7EA-020F4CBED600}.Debug|Any CPU.ActiveCfg = Debug|Any CPU
		{84B0D34D-503E-4F34-B7EA-020F4CBED600}.Debug|Any CPU.Build.0 = Debug|Any CPU
		{84B0D34D-503E-4F34-B7EA-020F4CBED600}.Release|Any CPU.ActiveCfg = Release|Any CPU
		{84B0D34D-503E-4F34-B7EA-020F4CBED600}.Release|Any CPU.Build.0 = Release|Any CPU
		{141ACFB2-FD86-406E-9714-E4A7D95D5BB4}.Debug|Any CPU.ActiveCfg = Debug|Any CPU
		{141ACFB2-FD86-406E-9714-E4A7D95D5BB4}.Debug|Any CPU.Build.0 = Debug|Any CPU
		{141ACFB2-FD86-406E-9714-E4A7D95D5BB4}.Release|Any CPU.ActiveCfg = Release|Any CPU
		{141ACFB2-FD86-406E-9714-E4A7D95D5BB4}.Release|Any CPU.Build.0 = Release|Any CPU
		{AA14D742-B52B-4481-82C6-D8959A076150}.Debug|Any CPU.ActiveCfg = Debug|Any CPU
		{AA14D742-B52B-4481-82C6-D8959A076150}.Debug|Any CPU.Build.0 = Debug|Any CPU
		{AA14D742-B52B-4481-82C6-D8959A076150}.Release|Any CPU.ActiveCfg = Release|Any CPU
		{AA14D742-B52B-4481-82C6-D8959A076150}.Release|Any CPU.Build.0 = Release|Any CPU
	EndGlobalSection
	GlobalSection(SolutionProperties) = preSolution
		HideSolutionNode = FALSE
	EndGlobalSection
	GlobalSection(ExtensibilityGlobals) = postSolution
		SolutionGuid = {DCA5D441-C7A4-4CD9-B925-66CD9C99E3BD}
	EndGlobalSection
EndGlobal
